version = 1
revision = 2
requires-python = ">=3.12"

[[package]]
name = "pdf-ninja-cli"
version = "0.1.0"
source = { virtual = "." }
dependencies = [
    { name = "pypdf" },
]

[package.metadata]
requires-dist = [{ name = "pypdf", specifier = ">=6.6.0" }]

[[package]]
name = "pypdf"
version = "6.6.0"
source = { registry = "https://pypi.org/simple" }
sdist = { url = "https://files.pythonhosted.org/packages/d8/f4/801632a8b62a805378b6af2b5a3fcbfd8923abf647e0ed1af846a83433b2/pypdf-6.6.0.tar.gz", hash = "sha256:4c887ef2ea38d86faded61141995a3c7d068c9d6ae8477be7ae5de8a8e16592f", size = 5281063, upload-time = "2026-01-09T11:20:11.786Z" }
wheels = [
    { url = "https://files.pythonhosted.org/packages/b2/ba/96f99276194f720e74ed99905a080f6e77810558874e8935e580331b46de/pypdf-6.6.0-py3-none-any.whl", hash = "sha256:bca9091ef6de36c7b1a81e09327c554b7ce51e88dad68f5890c2b4a4417f1fd7", size = 328963, upload-time = "2026-01-09T11:20:09.278Z" },
]
